
Microsoft Visual Studio Solution File, Format Version 12.00
# Visual Studio Version 17
VisualStudioVersion = 17.0.32014.148
MinimumVisualStudioVersion = 10.0.40219.1
Project("{8BC9CEB8-8B4A-11D0-8D11-00A0C91BC942}") = "SMTP2", "SMTP2\SMTP2.vcxproj", "{FE1BD800-EB13-4F00-B807-854544DC2CEA}"
EndProject
Global
	GlobalSection(SolutionConfigurationPlatforms) = preSolution
		Debug|x64 = Debug|x64
		Debug|x86 = Debug|x86
		Release|x64 = Release|x64
		Release|x86 = Release|x86
	EndGlobalSection
	GlobalSection(ProjectConfigurationPlatforms) = postSolution
		{FE1BD800-EB13-4F00-B807-854544DC2CEA}.Debug|x64.ActiveCfg = Debug|x64
		{FE1BD800-EB13-4F00-B807-854544DC2CEA}.Debug|x64.Build.0 = Debug|x64
		{FE1BD800-EB13-4F00-B807-854544DC2CEA}.Debug|x86.ActiveCfg = Debug|Win32
		{FE1BD800-EB13-4F00-B807-854544DC2CEA}.Debug|x86.Build.0 = Debug|Win32
		{FE1BD800-EB13-4F00-B807-854544DC2CEA}.Release|x64.ActiveCfg = Release|x64
		{FE1BD800-EB13-4F00-B807-854544DC2CEA}.Release|x64.Build.0 = Release|x64
		{FE1BD800-EB13-4F00-B807-854544DC2CEA}.Release|x86.ActiveCfg = Release|Win32
		{FE1BD800-EB13-4F00-B807-854544DC2CEA}.Release|x86.Build.0 = Release|Win32
	EndGlobalSection
	GlobalSection(SolutionProperties) = preSolution
		HideSolutionNode = FALSE
	EndGlobalSection
	GlobalSection(ExtensibilityGlobals) = postSolution
		SolutionGuid = {9DB8A227-AE62-4E0A-ADAA-6C8CA461ED01}
	EndGlobalSection
EndGlobal
